
Microsoft Visual Studio Solution File, Format Version 12.00
# Visual Studio Version 17
VisualStudioVersion = 17.2.32602.215
MinimumVisualStudioVersion = 10.0.40219.1
Project("{FAE04EC0-301F-11D3-BF4B-00C04F79EFBC}") = "Publisher", "Publisher\Publisher.csproj", "{A6EA179B-773E-413F-842B-BA3E3EA7E0D8}"
EndProject
Project("{FAE04EC0-301F-11D3-BF4B-00C04F79EFBC}") = "Subscriber", "Subscriber\Subscriber.csproj", "{290A162C-1017-449B-BC9B-943F81FD40DC}"
EndProject
Global
	GlobalSection(SolutionConfigurationPlatforms) = preSolution
		Debug|Any CPU = Debug|Any CPU
		Release|Any CPU = Release|Any CPU
	EndGlobalSection
	GlobalSection(ProjectConfigurationPlatforms) = postSolution
		{A6EA179B-773E-413F-842B-BA3E3EA7E0D8}.Debug|Any CPU.ActiveCfg = Debug|Any CPU
		{A6EA179B-773E-413F-842B-BA3E3EA7E0D8}.Debug|Any CPU.Build.0 = Debug|Any CPU
		{A6EA179B-773E-413F-842B-BA3E3EA7E0D8}.Release|Any CPU.ActiveCfg = Release|Any CPU
		{A6EA179B-773E-413F-842B-BA3E3EA7E0D8}.Release|Any CPU.Build.0 = Release|Any CPU
		{290A162C-1017-449B-BC9B-943F81FD40DC}.Debug|Any CPU.ActiveCfg = Debug|Any CPU
		{290A162C-1017-449B-BC9B-943F81FD40DC}.Debug|Any CPU.Build.0 = Debug|Any CPU
		{290A162C-1017-449B-BC9B-943F81FD40DC}.Release|Any CPU.ActiveCfg = Release|Any CPU
		{290A162C-1017-449B-BC9B-943F81FD40DC}.Release|Any CPU.Build.0 = Release|Any CPU
	EndGlobalSection
	GlobalSection(SolutionProperties) = preSolution
		HideSolutionNode = FALSE
	EndGlobalSection
	GlobalSection(ExtensibilityGlobals) = postSolution
		SolutionGuid = {90BC5CBA-F11C-4AF1-A2B5-DA5CC19598EC}
	EndGlobalSection
EndGlobal
